
Microsoft Visual Studio Solution File, Format Version 12.00
# Visual Studio Version 16
VisualStudioVersion = 16.0.30907.101
MinimumVisualStudioVersion = 10.0.40219.1
Project("{9A19103F-16F7-4668-BE54-9A1E7A4F7556}") = "P03_SalesDatabase.Data", "P03_SalesDatabase.Data.csproj", "{5F263FC0-6C52-478D-A358-D5B62FAADCE3}"
EndProject
Global
	GlobalSection(SolutionConfigurationPlatforms) = preSolution
		Debug|Any CPU = Debug|Any CPU
		Release|Any CPU = Release|Any CPU
	EndGlobalSection
	GlobalSection(ProjectConfigurationPlatforms) = postSolution
		{5F263FC0-6C52-478D-A358-D5B62FAADCE3}.Debug|Any CPU.ActiveCfg = Debug|Any CPU
		{5F263FC0-6C52-478D-A358-D5B62FAADCE3}.Debug|Any CPU.Build.0 = Debug|Any CPU
		{5F263FC0-6C52-478D-A358-D5B62FAADCE3}.Release|Any CPU.ActiveCfg = Release|Any CPU
		{5F263FC0-6C52-478D-A358-D5B62FAADCE3}.Release|Any CPU.Build.0 = Release|Any CPU
	EndGlobalSection
	GlobalSection(SolutionProperties) = preSolution
		HideSolutionNode = FALSE
	EndGlobalSection
	GlobalSection(ExtensibilityGlobals) = postSolution
		SolutionGuid = {EA0F1274-D22B-4A5D-9299-774495A909B9}
	EndGlobalSection
EndGlobal
